
Microsoft Visual Studio Solution File, Format Version 12.00
# Visual Studio Version 16
VisualStudioVersion = 16.0.32413.511
MinimumVisualStudioVersion = 10.0.40219.1
Project("{888888A0-9F3D-457C-B088-3A5042F75D52}") = "Game Viewing App", "Game Viewing App\Game Viewing App.pyproj", "{64FE74EA-835F-4ED2-87B1-FB4ECD9FE4D8}"
EndProject
Global
	GlobalSection(SolutionConfigurationPlatforms) = preSolution
		Debug|Any CPU = Debug|Any CPU
		Release|Any CPU = Release|Any CPU
	EndGlobalSection
	GlobalSection(ProjectConfigurationPlatforms) = postSolution
		{64FE74EA-835F-4ED2-87B1-FB4ECD9FE4D8}.Debug|Any CPU.ActiveCfg = Debug|Any CPU
		{64FE74EA-835F-4ED2-87B1-FB4ECD9FE4D8}.Release|Any CPU.ActiveCfg = Release|Any CPU
	EndGlobalSection
	GlobalSection(SolutionProperties) = preSolution
		HideSolutionNode = FALSE
	EndGlobalSection
	GlobalSection(ExtensibilityGlobals) = postSolution
		SolutionGuid = {4196743D-310E-4E1E-A75D-89B78772AF9E}
	EndGlobalSection
EndGlobal
